
Microsoft Visual Studio Solution File, Format Version 12.00
# Visual Studio Version 17
VisualStudioVersion = 17.12.35521.163
MinimumVisualStudioVersion = 10.0.40219.1
Project("{FAE04EC0-301F-11D3-BF4B-00C04F79EFBC}") = "GitClient.App", "GitClient.App\GitClient.App.csproj", "{95BFE522-5C1C-4745-B11B-47E14170D504}"
EndProject
Project("{2150E333-8FDC-42A3-9474-1A3956D46DE8}") = "Solution Items", "Solution Items", "{62118148-D13B-447F-BA05-4D85BA2F99A9}"
	ProjectSection(SolutionItems) = preProject
		.editorconfig = .editorconfig
		Directory.Build.props = Directory.Build.props
	EndProjectSection
EndProject
Project("{FAE04EC0-301F-11D3-BF4B-00C04F79EFBC}") = "GitClient.Core", "GitClient.Core\GitClient.Core.csproj", "{F2DA8D63-2322-439D-B556-931CF64A6F0D}"
EndProject
Global
	GlobalSection(SolutionConfigurationPlatforms) = preSolution
		Debug|Any CPU = Debug|Any CPU
		Release|Any CPU = Release|Any CPU
	EndGlobalSection
	GlobalSection(ProjectConfigurationPlatforms) = postSolution
		{95BFE522-5C1C-4745-B11B-47E14170D504}.Debug|Any CPU.ActiveCfg = Debug|Any CPU
		{95BFE522-5C1C-4745-B11B-47E14170D504}.Debug|Any CPU.Build.0 = Debug|Any CPU
		{95BFE522-5C1C-4745-B11B-47E14170D504}.Debug|Any CPU.Deploy.0 = Debug|Any CPU
		{95BFE522-5C1C-4745-B11B-47E14170D504}.Release|Any CPU.ActiveCfg = Release|Any CPU
		{95BFE522-5C1C-4745-B11B-47E14170D504}.Release|Any CPU.Build.0 = Release|Any CPU
		{95BFE522-5C1C-4745-B11B-47E14170D504}.Release|Any CPU.Deploy.0 = Release|Any CPU
		{F2DA8D63-2322-439D-B556-931CF64A6F0D}.Debug|Any CPU.ActiveCfg = Debug|Any CPU
		{F2DA8D63-2322-439D-B556-931CF64A6F0D}.Debug|Any CPU.Build.0 = Debug|Any CPU
		{F2DA8D63-2322-439D-B556-931CF64A6F0D}.Release|Any CPU.ActiveCfg = Release|Any CPU
		{F2DA8D63-2322-439D-B556-931CF64A6F0D}.Release|Any CPU.Build.0 = Release|Any CPU
	EndGlobalSection
	GlobalSection(SolutionProperties) = preSolution
		HideSolutionNode = FALSE
	EndGlobalSection
EndGlobal
